version = 1
revision = 3
requires-python = "==3.13.3"

[[package]]
name = "asgiref"
version = "3.12.1"
source = { registry = "https://pypi.org/simple" }
sdist = { url = "https://files.pythonhosted.org/packages/e6/26/3b59f2bdae5f640389becb1f673cded775287f5fc4f816309d9ca9a3f93d/asgiref-3.12.1.tar.gz", hash = "sha256:59dcb51c272ad209d59bed5708a64a333083e86017d7fcdd67498eeab7784340", size = 42378, upload-time = "2026-07-14T09:56:18.087Z" }
wheels = [
    { url = "https://files.pythonhosted.org/packages/c0/1b/54f4ad77cd8a584fa70746c47df988e002cf1ee1eba43364d46f87803647/asgiref-3.12.1-py3-none-any.whl", hash = "sha256:fe386d1c2bff7259ea95929266d12a8cf9a8b5a1c2598402967d8792e7a7c094", size = 25478, upload-time = "2026-07-14T09:56:16.926Z" },
]

[[package]]
name = "certifi"
version = "2025.4.26"
source = { registry = "https://pypi.org/simple" }
sdist = { url = "https://files.pythonhosted.org/packages/e8/9e/c05b3920a3b7d20d3d3310465f50348e5b3694f4f88c6daf736eef3024c4/certifi-2025.4.26.tar.gz", hash = "sha256:0a816057ea3cdefcef70270d2c515e4506bbc954f417fa5ade2021213bb8f0c6", size = 160705, upload-time = "2025-04-26T02:12:29.51Z" }
wheels = [
    { url = "https://files.pythonhosted.org/packages/4a/7e/3db2bd1b1f9e95f7cddca6d6e75e2f2bd9f51b1246e546d88addca0106bd/certifi-2025.4.26-py3-none-any.whl", hash = "sha256:30350364dfe371162649852c63336a15c70c6510c2ad5015b21c2345311805f3", size = 159618, upload-time = "2025-04-26T02:12:27.662Z" },
]

[[package]]
name = "charset-normalizer"
version = "3.4.2"
source = { registry = "https://pypi.org/simple" }
sdist = { url = "https://files.pythonhosted.org/packages/e4/33/89c2ced2b67d1c2a61c19c6751aa8902d46ce3dacb23600a283619f5a12d/charset_normalizer-3.4.2.tar.gz", hash = "sha256:5baececa9ecba31eff645232d59845c07aa030f0c81ee70184a90d35099a0e63", size = 126367, upload-time = "2025-05-02T08:34:42.01Z" }
wheels = [
    { url = "https://files.pythonhosted.org/packages/ea/12/a93df3366ed32db1d907d7593a94f1fe6293903e3e92967bebd6950ed12c/charset_normalizer-3.4.2-cp313-cp313-macosx_10_13_universal2.whl", hash = "sha256:926ca93accd5d36ccdabd803392ddc3e03e6d4cd1cf17deff3b989ab8e9dbcf0", size = 199622, upload-time = "2025-05-02T08:32:56.363Z" },
    { url = "https://files.pythonhosted.org/packages/04/93/bf204e6f344c39d9937d3c13c8cd5bbfc266472e51fc8c07cb7f64fcd2de/charset_normalizer-3.4.2-cp313-cp313-manylinux_2_17_aarch64.manylinux2014_aarch64.whl", hash = "sha256:eba9904b0f38a143592d9fc0e19e2df0fa2e41c3c3745554761c5f6447eedabf", size = 143435, upload-time = "2025-05-02T08:32:58.551Z" },
    { url = "https://files.pythonhosted.org/packages/22/2a/ea8a2095b0bafa6c5b5a55ffdc2f924455233ee7b91c69b7edfcc9e02284/charset_normalizer-3.4.2-cp313-cp313-manylinux_2_17_ppc64le.manylinux2014_ppc64le.whl", hash = "sha256:3fddb7e2c84ac87ac3a947cb4e66d143ca5863ef48e4a5ecb83bd48619e4634e", size = 153653, upload-time = "2025-05-02T08:33:00.342Z" },
    { url = "https://files.pythonhosted.org/packages/b6/57/1b090ff183d13cef485dfbe272e2fe57622a76694061353c59da52c9a659/charset_normalizer-3.4.2-cp313-cp313-manylinux_2_17_s390x.manylinux2014_s390x.whl", hash = "sha256:98f862da73774290f251b9df8d11161b6cf25b599a66baf087c1ffe340e9bfd1", size = 146231, upload-time = "2025-05-02T08:33:02.081Z" },
    { url = "https://files.pythonhosted.org/packages/e2/28/ffc026b26f441fc67bd21ab7f03b313ab3fe46714a14b516f931abe1a2d8/charset_normalizer-3.4.2-cp313-cp313-manylinux_2_17_x86_64.manylinux2014_x86_64.whl", hash = "sha256:6c9379d65defcab82d07b2a9dfbfc2e95bc8fe0ebb1b176a3190230a3ef0e07c", size = 148243, upload-time = "2025-05-02T08:33:04.063Z" },
    { url = "https://files.pythonhosted.org/packages/c0/0f/9abe9bd191629c33e69e47c6ef45ef99773320e9ad8e9cb08b8ab4a8d4cb/charset_normalizer-3.4.2-cp313-cp313-manylinux_2_5_i686.manylinux1_i686.manylinux_2_17_i686.manylinux2014_i686.whl", hash = "sha256:e635b87f01ebc977342e2697d05b56632f5f879a4f15955dfe8cef2448b51691", size = 150442, upload-time = "2025-05-02T08:33:06.418Z" },
    { url = "https://files.pythonhosted.org/packages/67/7c/a123bbcedca91d5916c056407f89a7f5e8fdfce12ba825d7d6b9954a1a3c/charset_normalizer-3.4.2-cp313-cp313-musllinux_1_2_aarch64.whl", hash = "sha256:1c95a1e2902a8b722868587c0e1184ad5c55631de5afc0eb96bc4b0d738092c0", size = 145147, upload-time = "2025-05-02T08:33:08.183Z" },
    { url = "https://files.pythonhosted.org/packages/ec/fe/1ac556fa4899d967b83e9893788e86b6af4d83e4726511eaaad035e36595/charset_normalizer-3.4.2-cp313-cp313-musllinux_1_2_i686.whl", hash = "sha256:ef8de666d6179b009dce7bcb2ad4c4a779f113f12caf8dc77f0162c29d20490b", size = 153057, upload-time = "2025-05-02T08:33:09.986Z" },
    { url = "https://files.pythonhosted.org/packages/2b/ff/acfc0b0a70b19e3e54febdd5301a98b72fa07635e56f24f60502e954c461/charset_normalizer-3.4.2-cp313-cp313-musllinux_1_2_ppc64le.whl", hash = "sha256:32fc0341d72e0f73f80acb0a2c94216bd704f4f0bce10aedea38f30502b271ff", size = 156454, upload-time = "2025-05-02T08:33:11.814Z" },
    { url = "https://files.pythonhosted.org/packages/92/08/95b458ce9c740d0645feb0e96cea1f5ec946ea9c580a94adfe0b617f3573/charset_normalizer-3.4.2-cp313-cp313-musllinux_1_2_s390x.whl", hash = "sha256:289200a18fa698949d2b39c671c2cc7a24d44096784e76614899a7ccf2574b7b", size = 154174, upload-time = "2025-05-02T08:33:13.707Z" },
    { url = "https://files.pythonhosted.org/packages/78/be/8392efc43487ac051eee6c36d5fbd63032d78f7728cb37aebcc98191f1ff/charset_normalizer-3.4.2-cp313-cp313-musllinux_1_2_x86_64.whl", hash = "sha256:4a476b06fbcf359ad25d34a057b7219281286ae2477cc5ff5e3f70a246971148", size = 149166, upload-time = "2025-05-02T08:33:15.458Z" },
    { url = "https://files.pythonhosted.org/packages/44/96/392abd49b094d30b91d9fbda6a69519e95802250b777841cf3bda8fe136c/charset_normalizer-3.4.2-cp313-cp313-win32.whl", hash = "sha256:aaeeb6a479c7667fbe1099af9617c83aaca22182d6cf8c53966491a0f1b7ffb7", size = 98064, upload-time = "2025-05-02T08:33:17.06Z" },
    { url = "https://files.pythonhosted.org/packages/e9/b0/0200da600134e001d91851ddc797809e2fe0ea72de90e09bec5a2fbdaccb/charset_normalizer-3.4.2-cp313-cp313-win_amd64.whl", hash = "sha256:aa6af9e7d59f9c12b33ae4e9450619cf2488e2bbe9b44030905877f0b2324980", size = 105641, upload-time = "2025-05-02T08:33:18.753Z" },
    { url = "https://files.pythonhosted.org/packages/20/94/c5790835a017658cbfabd07f3bfb549140c3ac458cfc196323996b10095a/charset_normalizer-3.4.2-py3-none-any.whl", hash = "sha256:7f56930ab0abd1c45cd15be65cc741c28b1c9a34876ce8c17a2fa107810c0af0", size = 52626, upload-time = "2025-05-02T08:34:40.053Z" },
]

[[package]]
name = "dj-database-url"
version = "3.1.2"
source = { registry = "https://pypi.org/simple" }
dependencies = [
    { name = "django" },
]
sdist = { url = "https://files.pythonhosted.org/packages/03/f6/00b625e9d371b980aa261011d0dc906a16444cb688f94215e0dc86996eb5/dj_database_url-3.1.2.tar.gz", hash = "sha256:63c20e4bbaa51690dfd4c8d189521f6bf6bc9da9fcdb23d95d2ee8ee87f9ec62", size = 11490, upload-time = "2026-02-19T15:30:23.638Z" }
wheels = [
    { url = "https://files.pythonhosted.org/packages/cf/a9/57c66006373381f1d3e5bd94216f1d371228a89f443d3030e010f73dd198/dj_database_url-3.1.2-py3-none-any.whl", hash = "sha256:544e015fee3efa5127a1eb1cca465f4ace578265b3671fe61d0ed7dbafb5ec8a", size = 8953, upload-time = "2026-02-19T15:30:39.37Z" },
]

[[package]]
name = "django"
version = "6.0.7"
source = { registry = "https://pypi.org/simple" }
dependencies = [
    { name = "asgiref" },
    { name = "sqlparse" },
    { name = "tzdata", marker = "sys_platform == 'win32'" },
]
sdist = { url = "https://files.pythonhosted.org/packages/89/55/664f24ff81c9ea19cb7dfc851afeae1f3c2390c7aee01d4ded68b5c1580d/django-6.0.7.tar.gz", hash = "sha256:2998503fc083124fb58037084bfa00de323c7c743f05f1b4284e77bff0ab8890", size = 10921299, upload-time = "2026-07-07T13:51:26.485Z" }
wheels = [
    { url = "https://files.pythonhosted.org/packages/ba/ec/1ce5334b6a2c52ce619c23a0be8d366a57a0e080ebb2d88266e5c849157c/django-6.0.7-py3-none-any.whl", hash = "sha256:a037427c2288443a8c02a1b02295a31c239663aa682bc50b1976afb7cf6a769e", size = 8373344, upload-time = "2026-07-07T13:51:20.007Z" },
]

[[package]]
name = "django-cache-url"
version = "3.4.6"
source = { registry = "https://pypi.org/simple" }
sdist = { url = "https://files.pythonhosted.org/packages/4c/0c/68a0fcc531ccdff53aba9b01d3b53208dddb646ba8f317d8b0e2e21e470c/django_cache_url-3.4.6.tar.gz", hash = "sha256:d030bd0c379310377772d513e6861a7a9dcc1e683049f27a9976ba5de3b5d1b9", size = 7637, upload-time = "2026-01-24T16:23:10.256Z" }
wheels = [
    { url = "https://files.pythonhosted.org/packages/a2/80/3933edc478585103ab2726eacb0dd70aec60bc4c52208e427829b9700577/django_cache_url-3.4.6-py2.py3-none-any.whl", hash = "sha256:af524c2f47d753d3324a6a38a03ab8f6147b045c81cbb5ec2bfc8ecb9c95ed3c", size = 4762, upload-time = "2026-01-24T16:23:09.438Z" },
]

[[package]]
name = "django-cors-headers"
version = "4.9.0"
source = { registry = "https://pypi.org/simple" }
dependencies = [
    { name = "asgiref" },
    { name = "django" },
]
sdist = { url = "https://files.pythonhosted.org/packages/21/39/55822b15b7ec87410f34cd16ce04065ff390e50f9e29f31d6d116fc80456/django_cors_headers-4.9.0.tar.gz", hash = "sha256:fe5d7cb59fdc2c8c646ce84b727ac2bca8912a247e6e68e1fb507372178e59e8", size = 21458, upload-time = "2025-09-18T10:40:52.326Z" }
wheels = [
    { url = "https://files.pythonhosted.org/packages/30/d8/19ed1e47badf477d17fb177c1c19b5a21da0fd2d9f093f23be3fb86c5fab/django_cors_headers-4.9.0-py3-none-any.whl", hash = "sha256:15c7f20727f90044dcee2216a9fd7303741a864865f0c3657e28b7056f61b449", size = 12809, upload-time = "2025-09-18T10:40:50.843Z" },
]

[[package]]
name = "djangorestframework"
version = "3.17.1"
source = { registry = "https://pypi.org/simple" }
dependencies = [
    { name = "django" },
]
sdist = { url = "https://files.pythonhosted.org/packages/ca/d7/c016e69fac19ff8afdc89db9d31d9ae43ae031e4d1993b20aca179b8301a/djangorestframework-3.17.1.tar.gz", hash = "sha256:a6def5f447fe78ff853bff1d47a3c59bf38f5434b031780b351b0c73a62db1a5", size = 905742, upload-time = "2026-03-24T16:58:33.705Z" }
wheels = [
    { url = "https://files.pythonhosted.org/packages/5a/e1/2c516bdc83652b1a60c6119366ac2c0607b479ed05cd6093f916ca8928f8/djangorestframework-3.17.1-py3-none-any.whl", hash = "sha256:c3c74dd3e83a5a3efc37b3c18d92bd6f86a6791c7b7d4dff62bb068500e76457", size = 898844, upload-time = "2026-03-24T16:58:31.845Z" },
]

[[package]]
name = "gunicorn"
version = "26.0.0"
source = { registry = "https://pypi.org/simple" }
dependencies = [
    { name = "packaging" },
]
sdist = { url = "https://files.pythonhosted.org/packages/6d/b7/a4a3f632f823e432ce6bc65f62961b7980c898c77f075a2f7118cb3846fe/gunicorn-26.0.0.tar.gz", hash = "sha256:ca9346f85e3a4aeeb64d491045c16b9a35647abd37ea15efe53080eb8b090baf", size = 727286, upload-time = "2026-05-05T06:38:25.529Z" }
wheels = [
    { url = "https://files.pythonhosted.org/packages/e6/40/9c2384fc2be4ad25dd4a49decd5ad9ea5a3639814c11bd40ab77cb9f0a14/gunicorn-26.0.0-py3-none-any.whl", hash = "sha256:40233d26a5f0d1872916188c276e21641155111c2853f0c2cd55260aec0d24fc", size = 212009, upload-time = "2026-05-05T06:38:23.007Z" },
]

[[package]]
name = "idna"
version = "3.10"
source = { registry = "https://pypi.org/simple" }
sdist = { url = "https://files.pythonhosted.org/packages/f1/70/7703c29685631f5a7590aa73f1f1d3fa9a380e654b86af429e0934a32f7d/idna-3.10.tar.gz", hash = "sha256:12f65c9b470abda6dc35cf8e63cc574b1c52b11df2c86030af0ac09b01b13ea9", size = 190490, upload-time = "2024-09-15T18:07:39.745Z" }
wheels = [
    { url = "https://files.pythonhosted.org/packages/76/c6/c88e154df9c4e1a2a66ccf0005a88dfb2650c1dffb6f5ce603dfbd452ce3/idna-3.10-py3-none-any.whl", hash = "sha256:946d195a0d259cbba61165e88e65941f16e9b36ea6ddb97f00452bae8b1287d3", size = 70442, upload-time = "2024-09-15T18:07:37.964Z" },
]

[[package]]
name = "packaging"
version = "25.0"
source = { registry = "https://pypi.org/simple" }
sdist = { url = "https://files.pythonhosted.org/packages/a1/d4/1fc4078c65507b51b96ca8f8c3ba19e6a61c8253c72794544580a7b6c24d/packaging-25.0.tar.gz", hash = "sha256:d443872c98d677bf60f6a1f2f8c1cb748e8fe762d2bf9d3148b5599295b0fc4f", size = 165727, upload-time = "2025-04-19T11:48:59.673Z" }
wheels = [
    { url = "https://files.pythonhosted.org/packages/20/12/38679034af332785aac8774540895e234f4d07f7545804097de4b666afd8/packaging-25.0-py3-none-any.whl", hash = "sha256:29572ef2b1f17581046b3a2227d5c611fb25ec70ca1ba8554b24b0e69331a484", size = 66469, upload-time = "2025-04-19T11:48:57.875Z" },
]

[[package]]
name = "psycopg"
version = "3.3.4"
source = { registry = "https://pypi.org/simple" }
dependencies = [
    { name = "tzdata", marker = "sys_platform == 'win32'" },
]
sdist = { url = "https://files.pythonhosted.org/packages/db/2f/cb91e5502ec9de1de6f1b76cfbf69531932725361168bb06963620c77e2e/psycopg-3.3.4.tar.gz", hash = "sha256:e21207764952cff81b6b8bdacad9a3939f2793367fdac2987b3aac36a651b5bc", size = 165799, upload-time = "2026-05-01T23:31:55.179Z" }
wheels = [
    { url = "https://files.pythonhosted.org/packages/5c/e0/7b3dee031daae7743609ce3c746565d4a3ed7c2c186479eb48e34e838c64/psycopg-3.3.4-py3-none-any.whl", hash = "sha256:b6bbc25ccf05c8fad3b061d9db2ef0909a555171b84b07f29458a447253d679a", size = 213001, upload-time = "2026-05-01T23:20:50.816Z" },
]

[package.optional-dependencies]
binary = [
    { name = "psycopg-binary", marker = "implementation_name != 'pypy'" },
]

[[package]]
name = "psycopg-binary"
version = "3.3.4"
source = { registry = "https://pypi.org/simple" }
wheels = [
    { url = "https://files.pythonhosted.org/packages/09/43/13e9c406fbbf354580476e248a16b64802a376873ebe6339e30bb655572d/psycopg_binary-3.3.4-cp313-cp313-macosx_10_13_x86_64.whl", hash = "sha256:fbd1d4ed566895ad2d3bf4ddfd8bae90026930ddf29df3b9d91d32c8c47866a7", size = 4590377, upload-time = "2026-05-01T23:29:18.782Z" },
    { url = "https://files.pythonhosted.org/packages/22/be/2923cd7c3683e7afdecf4f10796a18de02f5c5ddc0969aa2ad0a8cdd3bbd/psycopg_binary-3.3.4-cp313-cp313-macosx_11_0_arm64.whl", hash = "sha256:75a9067e236f9b9ae3535b66fe99bddb33d39c0de10112e49b9ab11eee53dc31", size = 4669023, upload-time = "2026-05-01T23:29:25.884Z" },
    { url = "https://files.pythonhosted.org/packages/96/a0/2c913d6fe13d6a8bd13597d36739bf47af063ad9399e402cfecab16f3c1e/psycopg_binary-3.3.4-cp313-cp313-manylinux2014_ppc64le.manylinux_2_17_ppc64le.whl", hash = "sha256:b56b603ebcea8aa10b46228b8410ba7f13e7c2ee54389d4d9be0927fd8ce2a70", size = 5467423, upload-time = "2026-05-01T23:29:33.416Z" },
    { url = "https://files.pythonhosted.org/packages/e7/38/205d10bc1ad0df4a21c5c51659126bd3ea0ef98fcad1e852f78c249bb9c3/psycopg_binary-3.3.4-cp313-cp313-manylinux2014_x86_64.manylinux_2_17_x86_64.whl", hash = "sha256:c677c4ad433cb7150c8cd304a0769ae3bcfbe5ea0676eb53faa7b1443b16d0d3", size = 5151137, upload-time = "2026-05-01T23:29:42.013Z" },
    { url = "https://files.pythonhosted.org/packages/36/fc/f0381ddcd45eff3bb70dbca6823a996048d7f507b2ec3fc92c6fabc0fe87/psycopg_binary-3.3.4-cp313-cp313-manylinux_2_27_aarch64.manylinux_2_28_aarch64.whl", hash = "sha256:26df2717e59c0473e4465a97dfb1b7afebaa479277870fd5784d1436470db47c", size = 6736671, upload-time = "2026-05-01T23:29:51.626Z" },
    { url = "https://files.pythonhosted.org/packages/95/40/fa545ae152c24327651e5624e4902121e808270be36c10b12e9939be09bc/psycopg_binary-3.3.4-cp313-cp313-manylinux_2_38_riscv64.manylinux_2_39_riscv64.whl", hash = "sha256:1dc1f79fd16bb1f3f4421417a514607539f17804d95c7ed617265369d1981cae", size = 4979601, upload-time = "2026-05-01T23:29:56.961Z" },
    { url = "https://files.pythonhosted.org/packages/86/e4/2f8a47ee97f90cd2b933d0463081d35631ff419de2b8c984a5f369857de0/psycopg_binary-3.3.4-cp313-cp313-musllinux_1_2_aarch64.whl", hash = "sha256:136f199a407b5348b9b857c504aff60c77622a28482e7195839ce1b51238c4cc", size = 4510513, upload-time = "2026-05-01T23:30:07.243Z" },
    { url = "https://files.pythonhosted.org/packages/0e/0e/94e842ff4a7f98ed162580ca2e8b8864b28c1e0350f2443f8ee47f821167/psycopg_binary-3.3.4-cp313-cp313-musllinux_1_2_ppc64le.whl", hash = "sha256:b6f5a29e9c775b9f12a1a717aa7a2c80f9e1db6f27ba44a5b59c80ac61d2ffcf", size = 4187243, upload-time = "2026-05-01T23:30:15.352Z" },
    { url = "https://files.pythonhosted.org/packages/d0/83/fc6c174b672e29b7de996ea77b6cbddf46c891751c3355f6974292baa6b4/psycopg_binary-3.3.4-cp313-cp313-musllinux_1_2_riscv64.whl", hash = "sha256:ee17a2cf4943cde261adfad1bbc5bf38d6b3776d7afff74c7cabcbeaeb08c260", size = 3927347, upload-time = "2026-05-01T23:30:21.186Z" },
    { url = "https://files.pythonhosted.org/packages/e9/65/768364d4a97a15b1a7f47ba52688c1686f22941d8332a8398cefc468e25f/psycopg_binary-3.3.4-cp313-cp313-musllinux_1_2_x86_64.whl", hash = "sha256:5c4ab71be17bdca30cb34c34c4e1496e2f5d6f20c199c12bad226070b22ef9bf", size = 4236393, upload-time = "2026-05-01T23:30:26.211Z" },
    { url = "https://files.pythonhosted.org/packages/bd/3b/218efbc9e645becd80cdf651acda05f85cfe546b7a9c0458c7cbc8fe1f74/psycopg_binary-3.3.4-cp313-cp313-win_amd64.whl", hash = "sha256:dbfdb9b6cc79f31104a7b162a2b921b765fcc62af6c00540a167a8de47e4ed38", size = 3564592, upload-time = "2026-05-01T23:30:31.764Z" },
]

[[package]]
name = "python-dotenv"
version = "1.2.2"
source = { registry = "https://pypi.org/simple" }
sdist = { url = "https://files.pythonhosted.org/packages/82/ed/0301aeeac3e5353ef3d94b6ec08bbcabd04a72018415dcb29e588514bba8/python_dotenv-1.2.2.tar.gz", hash = "sha256:2c371a91fbd7ba082c2c1dc1f8bf89ca22564a087c2c287cd9b662adde799cf3", size = 50135, upload-time = "2026-03-01T16:00:26.196Z" }
wheels = [
    { url = "https://files.pythonhosted.org/packages/0b/d7/1959b9648791274998a9c3526f6d0ec8fd2233e4d4acce81bbae76b44b2a/python_dotenv-1.2.2-py3-none-any.whl", hash = "sha256:1d8214789a24de455a8b8bd8ae6fe3c6b69a5e3d64aa8a8e5d68e694bbcb285a", size = 22101, upload-time = "2026-03-01T16:00:25.09Z" },
]

[[package]]
name = "requests"
version = "2.34.2"
source = { registry = "https://pypi.org/simple" }
dependencies = [
    { name = "certifi" },
    { name = "charset-normalizer" },
    { name = "idna" },
    { name = "urllib3" },
]
sdist = { url = "https://files.pythonhosted.org/packages/ac/c3/e2a2b89f2d3e2179abd6d00ebd70bff6273f37fb3e0cc209f48b39d00cbf/requests-2.34.2.tar.gz", hash = "sha256:f288924cae4e29463698d6d60bc6a4da69c89185ad1e0bcc4104f584e960b9ed", size = 142856, upload-time = "2026-05-14T19:25:27.735Z" }
wheels = [
    { url = "https://files.pythonhosted.org/packages/a0/f4/c67b0b3f1b9245e8d266f0f112c500d50e5b4e83cb6f3b71b6528104182a/requests-2.34.2-py3-none-any.whl", hash = "sha256:2a0d60c172f83ac6ab31e4554906c0f3b3588d37b5cb939b1c061f4907e278e0", size = 73075, upload-time = "2026-05-14T19:25:26.443Z" },
]

[[package]]
name = "sentry-sdk"
version = "2.66.1"
source = { registry = "https://pypi.org/simple" }
dependencies = [
    { name = "certifi" },
    { name = "urllib3" },
]
sdist = { url = "https://files.pythonhosted.org/packages/7f/6f/d59cad0889d15fde85254cf58e701484de3f3f0406003b3197746910b19b/sentry_sdk-2.66.1.tar.gz", hash = "sha256:f882fb08710c5f8bfc603aafa3e901b384009a19cc3f76a572b863392ee81cdc", size = 940543, upload-time = "2026-07-22T12:26:54.553Z" }
wheels = [
    { url = "https://files.pythonhosted.org/packages/89/d3/726bd88f0eece09ddf431bea4c9191c18e7a8d070b854eb0014d447712ee/sentry_sdk-2.66.1-py3-none-any.whl", hash = "sha256:86002793161d9a95ef04bdd8d442e9bfece5d989b755f05d6360215094a7aff6", size = 505555, upload-time = "2026-07-22T12:26:52.71Z" },
]

[[package]]
name = "sqlparse"
version = "0.5.3"
source = { registry = "https://pypi.org/simple" }
sdist = { url = "https://files.pythonhosted.org/packages/e5/40/edede8dd6977b0d3da179a342c198ed100dd2aba4be081861ee5911e4da4/sqlparse-0.5.3.tar.gz", hash = "sha256:09f67787f56a0b16ecdbde1bfc7f5d9c3371ca683cfeaa8e6ff60b4807ec9272", size = 84999, upload-time = "2024-12-10T12:05:30.728Z" }
wheels = [
    { url = "https://files.pythonhosted.org/packages/a9/5c/bfd6bd0bf979426d405cc6e71eceb8701b148b16c21d2dc3c261efc61c7b/sqlparse-0.5.3-py3-none-any.whl", hash = "sha256:cf2196ed3418f3ba5de6af7e82c694a9fbdbfecccdfc72e281548517081f16ca", size = 44415, upload-time = "2024-12-10T12:05:27.824Z" },
]

[[package]]
name = "tzdata"
version = "2025.2"
source = { registry = "https://pypi.org/simple" }
sdist = { url = "https://files.pythonhosted.org/packages/95/32/1a225d6164441be760d75c2c42e2780dc0873fe382da3e98a2e1e48361e5/tzdata-2025.2.tar.gz", hash = "sha256:b60a638fcc0daffadf82fe0f57e53d06bdec2f36c4df66280ae79bce6bd6f2b9", size = 196380, upload-time = "2025-03-23T13:54:43.652Z" }
wheels = [
    { url = "https://files.pythonhosted.org/packages/5c/23/c7abc0ca0a1526a0774eca151daeb8de62ec457e77262b66b359c3c7679e/tzdata-2025.2-py2.py3-none-any.whl", hash = "sha256:1a403fada01ff9221ca8044d701868fa132215d84beb92242d9acd2147f667a8", size = 347839, upload-time = "2025-03-23T13:54:41.845Z" },
]

[[package]]
name = "urllib3"
version = "2.4.0"
source = { registry = "https://pypi.org/simple" }
sdist = { url = "https://files.pythonhosted.org/packages/8a/78/16493d9c386d8e60e442a35feac5e00f0913c0f4b7c217c11e8ec2ff53e0/urllib3-2.4.0.tar.gz", hash = "sha256:414bc6535b787febd7567804cc015fee39daab8ad86268f1310a9250697de466", size = 390672, upload-time = "2025-04-10T15:23:39.232Z" }
wheels = [
    { url = "https://files.pythonhosted.org/packages/6b/11/cc635220681e93a0183390e26485430ca2c7b5f9d33b15c74c2861cb8091/urllib3-2.4.0-py3-none-any.whl", hash = "sha256:4e16665048960a0900c702d4a66415956a584919c03361cac9f1df5c5dd7e813", size = 128680, upload-time = "2025-04-10T15:23:37.377Z" },
]

[[package]]
name = "{{ project_name }}-server"
version = "1.0.0"
source = { virtual = "." }
dependencies = [
    { name = "dj-database-url" },
    { name = "django" },
    { name = "django-cache-url" },
    { name = "django-cors-headers" },
    { name = "djangorestframework" },
    { name = "gunicorn" },
    { name = "psycopg", extra = ["binary"] },
    { name = "python-dotenv" },
    { name = "requests" },
    { name = "sentry-sdk" },
]

[package.metadata]
requires-dist = [
    { name = "dj-database-url", specifier = ">=3.1.2" },
    { name = "django", specifier = ">=6.0.5" },
    { name = "django-cache-url", specifier = ">=3.4.6" },
    { name = "django-cors-headers", specifier = ">=4.9.0" },
    { name = "djangorestframework", specifier = ">=3.17.1" },
    { name = "gunicorn", specifier = ">=26.0.0" },
    { name = "psycopg", extras = ["binary"], specifier = ">=3.3.4" },
    { name = "python-dotenv", specifier = ">=1.2.2" },
    { name = "requests", specifier = ">=2.34.2" },
    { name = "sentry-sdk", specifier = ">=2.63.0" },
]
